
Microsoft Visual Studio Solution File, Format Version 12.00
# Visual Studio Version 17
VisualStudioVersion = 17.13.35913.81
MinimumVisualStudioVersion = 10.0.40219.1
Project("{FAE04EC0-301F-11D3-BF4B-00C04F79EFBC}") = "Additional practise", "Additional practise\Additional practise.csproj", "{0BF3A1B2-01D5-4F9B-89A5-9A4420770ED0}"
EndProject
Project("{FAE04EC0-301F-11D3-BF4B-00C04F79EFBC}") = "ex 1 while", "ex 1 while\ex 1 while.csproj", "{B0F1516F-034D-4898-AAFF-A26C4A946C6D}"
EndProject
Project("{FAE04EC0-301F-11D3-BF4B-00C04F79EFBC}") = "ex 2 while", "ex 2 while\ex 2 while.csproj", "{F7D0DF50-394D-4D20-9E6B-C6B0F82D21D0}"
EndProject
Global
	GlobalSection(SolutionConfigurationPlatforms) = preSolution
		Debug|Any CPU = Debug|Any CPU
		Release|Any CPU = Release|Any CPU
	EndGlobalSection
	GlobalSection(ProjectConfigurationPlatforms) = postSolution
		{0BF3A1B2-01D5-4F9B-89A5-9A4420770ED0}.Debug|Any CPU.ActiveCfg = Debug|Any CPU
		{0BF3A1B2-01D5-4F9B-89A5-9A4420770ED0}.Debug|Any CPU.Build.0 = Debug|Any CPU
		{0BF3A1B2-01D5-4F9B-89A5-9A4420770ED0}.Release|Any CPU.ActiveCfg = Release|Any CPU
		{0BF3A1B2-01D5-4F9B-89A5-9A4420770ED0}.Release|Any CPU.Build.0 = Release|Any CPU
		{B0F1516F-034D-4898-AAFF-A26C4A946C6D}.Debug|Any CPU.ActiveCfg = Debug|Any CPU
		{B0F1516F-034D-4898-AAFF-A26C4A946C6D}.Debug|Any CPU.Build.0 = Debug|Any CPU
		{B0F1516F-034D-4898-AAFF-A26C4A946C6D}.Release|Any CPU.ActiveCfg = Release|Any CPU
		{B0F1516F-034D-4898-AAFF-A26C4A946C6D}.Release|Any CPU.Build.0 = Release|Any CPU
		{F7D0DF50-394D-4D20-9E6B-C6B0F82D21D0}.Debug|Any CPU.ActiveCfg = Debug|Any CPU
		{F7D0DF50-394D-4D20-9E6B-C6B0F82D21D0}.Debug|Any CPU.Build.0 = Debug|Any CPU
		{F7D0DF50-394D-4D20-9E6B-C6B0F82D21D0}.Release|Any CPU.ActiveCfg = Release|Any CPU
		{F7D0DF50-394D-4D20-9E6B-C6B0F82D21D0}.Release|Any CPU.Build.0 = Release|Any CPU
	EndGlobalSection
	GlobalSection(SolutionProperties) = preSolution
		HideSolutionNode = FALSE
	EndGlobalSection
	GlobalSection(ExtensibilityGlobals) = postSolution
		SolutionGuid = {64C2942E-5CD1-4B32-A727-B38CA010F673}
	EndGlobalSection
EndGlobal
